
Microsoft Visual Studio Solution File, Format Version 12.00
# Visual Studio 14
VisualStudioVersion = 14.0.23107.0
MinimumVisualStudioVersion = 10.0.40219.1
Project("{FAE04EC0-301F-11D3-BF4B-00C04F79EFBC}") = "RotaryEncoder", "RotaryEncoder\RotaryEncoder.csproj", "{5D659C91-454C-434C-B9D9-1E4C78DBB429}"
EndProject
Project("{FAE04EC0-301F-11D3-BF4B-00C04F79EFBC}") = "VibrationSwitchModule", "VibrationSwitchModule\VibrationSwitchModule.csproj", "{58DCE7E1-9642-4360-9F6D-94779F70805C}"
EndProject
Project("{FAE04EC0-301F-11D3-BF4B-00C04F79EFBC}") = "HallMagneticSensorModule", "HallMagneticSensorModule\HallMagneticSensorModule.csproj", "{B209FB73-171B-4513-A2ED-016FF92C8FBC}"
EndProject
Project("{FAE04EC0-301F-11D3-BF4B-00C04F79EFBC}") = "GpioConfiguration", "GpioConfiguration\GpioConfiguration.csproj", "{7B6A99B9-FF23-49DA-9B90-1D362A1FD5F9}"
EndProject
Project("{FAE04EC0-301F-11D3-BF4B-00C04F79EFBC}") = "KeySwitchModule", "KeySwitchModule\KeySwitchModule.csproj", "{5A0D94CF-8DFB-4E10-A6C9-A124756C6FE3}"
EndProject
Project("{FAE04EC0-301F-11D3-BF4B-00C04F79EFBC}") = "InfraredEmissionSensorModule", "InfraredEmissionSensorModule\InfraredEmissionSensorModule.csproj", "{AEEB4D65-1267-4FF3-96AA-AF00CC3EBA1B}"
EndProject
Project("{FAE04EC0-301F-11D3-BF4B-00C04F79EFBC}") = "LaserTransmitterModule", "LaserTransmitterModule\LaserTransmitterModule.csproj", "{762120A5-06B9-49E0-9985-994D78377753}"
EndProject
Project("{FAE04EC0-301F-11D3-BF4B-00C04F79EFBC}") = "MercuryOpenOpticalModule", "MercuryOpenOpticalModule\MercuryOpenOpticalModule.csproj", "{1F432BFF-4FB7-4231-84B0-7228373311DA}"
EndProject
Project("{FAE04EC0-301F-11D3-BF4B-00C04F79EFBC}") = "PassiveBuzzer", "PassiveBuzzer\PassiveBuzzer.csproj", "{7D6A39E8-3A9D-4837-9D36-6CE6561B68A3}"
EndProject
Project("{FAE04EC0-301F-11D3-BF4B-00C04F79EFBC}") = "RelayModule", "RelayModule\RelayModule.csproj", "{826E05B6-ADC3-4BA3-BFA3-F8E776321E0D}"
EndProject
Project("{FAE04EC0-301F-11D3-BF4B-00C04F79EFBC}") = "MiniMagneticReedModules", "MiniMagneticReedModules\MiniMagneticReedModules.csproj", "{6F51F39F-06F9-4845-931C-014F2F9A349F}"
EndProject
Project("{FAE04EC0-301F-11D3-BF4B-00C04F79EFBC}") = "LinearMagneticHallSensors", "LinearMagneticHallSensors\LinearMagneticHallSensors.csproj", "{8B4109B9-2677-4AB9-B12F-99334750A672}"
EndProject
Project("{FAE04EC0-301F-11D3-BF4B-00C04F79EFBC}") = "ReedModule", "ReedModule\ReedModule.csproj", "{9E2B350C-CC11-46E3-B848-2F5074FB921A}"
EndProject
Project("{FAE04EC0-301F-11D3-BF4B-00C04F79EFBC}") = "FlameSensorModule", "FlameSensorModule\FlameSensorModule.csproj", "{89A7CCEE-CA1D-42FF-A1EB-62EBF5022E58}"
EndProject
Project("{FAE04EC0-301F-11D3-BF4B-00C04F79EFBC}") = "KnockSensorModule", "KnockSensorModule\KnockSensorModule.csproj", "{DD788FD3-F458-4062-82E5-B3EA0A62F536}"
EndProject
Project("{FAE04EC0-301F-11D3-BF4B-00C04F79EFBC}") = "AutomaticFlashingColorfulLEDModule", "AutomaticFlashingColorfulLEDModule\AutomaticFlashingColorfulLEDModule.csproj", "{BF065E0B-6305-4DF5-9AFF-8F77F2FA5FAB}"
EndProject
Project("{FAE04EC0-301F-11D3-BF4B-00C04F79EFBC}") = "MetalTouchSensorModule", "MetalTouchSensorModule\MetalTouchSensorModule.csproj", "{BBE2B51D-7BB0-4BC1-A6C0-3A104867806F}"
EndProject
Project("{FAE04EC0-301F-11D3-BF4B-00C04F79EFBC}") = "SensitiveMicrophoneSensorModule", "SensitiveMicrophoneSensorModule\SensitiveMicrophoneSensorModule.csproj", "{41B55B19-9A64-4859-9B0C-79B1D8DAD14C}"
EndProject
Project("{FAE04EC0-301F-11D3-BF4B-00C04F79EFBC}") = "MicrophoneSoundSensorModule", "MicrophoneSoundSensorModule\MicrophoneSoundSensorModule.csproj", "{60DA2D8D-2CCF-49ED-B7CE-3F56F9910DEA}"
EndProject
Global
	GlobalSection(SolutionConfigurationPlatforms) = preSolution
		Debug|Any CPU = Debug|Any CPU
		Debug|ARM = Debug|ARM
		Debug|x64 = Debug|x64
		Debug|x86 = Debug|x86
		Release|Any CPU = Release|Any CPU
		Release|ARM = Release|ARM
		Release|x64 = Release|x64
		Release|x86 = Release|x86
	EndGlobalSection
	GlobalSection(ProjectConfigurationPlatforms) = postSolution
		{5D659C91-454C-434C-B9D9-1E4C78DBB429}.Debug|Any CPU.ActiveCfg = Debug|x86
		{5D659C91-454C-434C-B9D9-1E4C78DBB429}.Debug|ARM.ActiveCfg = Debug|ARM
		{5D659C91-454C-434C-B9D9-1E4C78DBB429}.Debug|ARM.Build.0 = Debug|ARM
		{5D659C91-454C-434C-B9D9-1E4C78DBB429}.Debug|ARM.Deploy.0 = Debug|ARM
		{5D659C91-454C-434C-B9D9-1E4C78DBB429}.Debug|x64.ActiveCfg = Debug|x64
		{5D659C91-454C-434C-B9D9-1E4C78DBB429}.Debug|x64.Build.0 = Debug|x64
		{5D659C91-454C-434C-B9D9-1E4C78DBB429}.Debug|x64.Deploy.0 = Debug|x64
		{5D659C91-454C-434C-B9D9-1E4C78DBB429}.Debug|x86.ActiveCfg = Debug|x86
		{5D659C91-454C-434C-B9D9-1E4C78DBB429}.Debug|x86.Build.0 = Debug|x86
		{5D659C91-454C-434C-B9D9-1E4C78DBB429}.Debug|x86.Deploy.0 = Debug|x86
		{5D659C91-454C-434C-B9D9-1E4C78DBB429}.Release|Any CPU.ActiveCfg = Release|x86
		{5D659C91-454C-434C-B9D9-1E4C78DBB429}.Release|ARM.ActiveCfg = Release|ARM
		{5D659C91-454C-434C-B9D9-1E4C78DBB429}.Release|ARM.Build.0 = Release|ARM
		{5D659C91-454C-434C-B9D9-1E4C78DBB429}.Release|ARM.Deploy.0 = Release|ARM
		{5D659C91-454C-434C-B9D9-1E4C78DBB429}.Release|x64.ActiveCfg = Release|x64
		{5D659C91-454C-434C-B9D9-1E4C78DBB429}.Release|x64.Build.0 = Release|x64
		{5D659C91-454C-434C-B9D9-1E4C78DBB429}.Release|x64.Deploy.0 = Release|x64
		{5D659C91-454C-434C-B9D9-1E4C78DBB429}.Release|x86.ActiveCfg = Release|x86
		{5D659C91-454C-434C-B9D9-1E4C78DBB429}.Release|x86.Build.0 = Release|x86
		{5D659C91-454C-434C-B9D9-1E4C78DBB429}.Release|x86.Deploy.0 = Release|x86
		{58DCE7E1-9642-4360-9F6D-94779F70805C}.Debug|Any CPU.ActiveCfg = Debug|x86
		{58DCE7E1-9642-4360-9F6D-94779F70805C}.Debug|ARM.ActiveCfg = Debug|ARM
		{58DCE7E1-9642-4360-9F6D-94779F70805C}.Debug|ARM.Build.0 = Debug|ARM
		{58DCE7E1-9642-4360-9F6D-94779F70805C}.Debug|ARM.Deploy.0 = Debug|ARM
		{58DCE7E1-9642-4360-9F6D-94779F70805C}.Debug|x64.ActiveCfg = Debug|x64
		{58DCE7E1-9642-4360-9F6D-94779F70805C}.Debug|x64.Build.0 = Debug|x64
		{58DCE7E1-9642-4360-9F6D-94779F70805C}.Debug|x64.Deploy.0 = Debug|x64
		{58DCE7E1-9642-4360-9F6D-94779F70805C}.Debug|x86.ActiveCfg = Debug|x86
		{58DCE7E1-9642-4360-9F6D-94779F70805C}.Debug|x86.Build.0 = Debug|x86
		{58DCE7E1-9642-4360-9F6D-94779F70805C}.Debug|x86.Deploy.0 = Debug|x86
		{58DCE7E1-9642-4360-9F6D-94779F70805C}.Release|Any CPU.ActiveCfg = Release|x86
		{58DCE7E1-9642-4360-9F6D-94779F70805C}.Release|ARM.ActiveCfg = Release|ARM
		{58DCE7E1-9642-4360-9F6D-94779F70805C}.Release|ARM.Build.0 = Release|ARM
		{58DCE7E1-9642-4360-9F6D-94779F70805C}.Release|ARM.Deploy.0 = Release|ARM
		{58DCE7E1-9642-4360-9F6D-94779F70805C}.Release|x64.ActiveCfg = Release|x64
		{58DCE7E1-9642-4360-9F6D-94779F70805C}.Release|x64.Build.0 = Release|x64
		{58DCE7E1-9642-4360-9F6D-94779F70805C}.Release|x64.Deploy.0 = Release|x64
		{58DCE7E1-9642-4360-9F6D-94779F70805C}.Release|x86.ActiveCfg = Release|x86
		{58DCE7E1-9642-4360-9F6D-94779F70805C}.Release|x86.Build.0 = Release|x86
		{58DCE7E1-9642-4360-9F6D-94779F70805C}.Release|x86.Deploy.0 = Release|x86
		{B209FB73-171B-4513-A2ED-016FF92C8FBC}.Debug|Any CPU.ActiveCfg = Debug|x86
		{B209FB73-171B-4513-A2ED-016FF92C8FBC}.Debug|ARM.ActiveCfg = Debug|ARM
		{B209FB73-171B-4513-A2ED-016FF92C8FBC}.Debug|ARM.Build.0 = Debug|ARM
		{B209FB73-171B-4513-A2ED-016FF92C8FBC}.Debug|ARM.Deploy.0 = Debug|ARM
		{B209FB73-171B-4513-A2ED-016FF92C8FBC}.Debug|x64.ActiveCfg = Debug|x64
		{B209FB73-171B-4513-A2ED-016FF92C8FBC}.Debug|x64.Build.0 = Debug|x64
		{B209FB73-171B-4513-A2ED-016FF92C8FBC}.Debug|x64.Deploy.0 = Debug|x64
		{B209FB73-171B-4513-A2ED-016FF92C8FBC}.Debug|x86.ActiveCfg = Debug|x86
		{B209FB73-171B-4513-A2ED-016FF92C8FBC}.Debug|x86.Build.0 = Debug|x86
		{B209FB73-171B-4513-A2ED-016FF92C8FBC}.Debug|x86.Deploy.0 = Debug|x86
		{B209FB73-171B-4513-A2ED-016FF92C8FBC}.Release|Any CPU.ActiveCfg = Release|x86
		{B209FB73-171B-4513-A2ED-016FF92C8FBC}.Release|ARM.ActiveCfg = Release|ARM
		{B209FB73-171B-4513-A2ED-016FF92C8FBC}.Release|ARM.Build.0 = Release|ARM
		{B209FB73-171B-4513-A2ED-016FF92C8FBC}.Release|ARM.Deploy.0 = Release|ARM
		{B209FB73-171B-4513-A2ED-016FF92C8FBC}.Release|x64.ActiveCfg = Release|x64
		{B209FB73-171B-4513-A2ED-016FF92C8FBC}.Release|x64.Build.0 = Release|x64
		{B209FB73-171B-4513-A2ED-016FF92C8FBC}.Release|x64.Deploy.0 = Release|x64
		{B209FB73-171B-4513-A2ED-016FF92C8FBC}.Release|x86.ActiveCfg = Release|x86
		{B209FB73-171B-4513-A2ED-016FF92C8FBC}.Release|x86.Build.0 = Release|x86
		{B209FB73-171B-4513-A2ED-016FF92C8FBC}.Release|x86.Deploy.0 = Release|x86
		{7B6A99B9-FF23-49DA-9B90-1D362A1FD5F9}.Debug|Any CPU.ActiveCfg = Debug|Any CPU
		{7B6A99B9-FF23-49DA-9B90-1D362A1FD5F9}.Debug|Any CPU.Build.0 = Debug|Any CPU
		{7B6A99B9-FF23-49DA-9B90-1D362A1FD5F9}.Debug|ARM.ActiveCfg = Debug|ARM
		{7B6A99B9-FF23-49DA-9B90-1D362A1FD5F9}.Debug|ARM.Build.0 = Debug|ARM
		{7B6A99B9-FF23-49DA-9B90-1D362A1FD5F9}.Debug|x64.ActiveCfg = Debug|x64
		{7B6A99B9-FF23-49DA-9B90-1D362A1FD5F9}.Debug|x64.Build.0 = Debug|x64
		{7B6A99B9-FF23-49DA-9B90-1D362A1FD5F9}.Debug|x86.ActiveCfg = Debug|x86
		{7B6A99B9-FF23-49DA-9B90-1D362A1FD5F9}.Debug|x86.Build.0 = Debug|x86
		{7B6A99B9-FF23-49DA-9B90-1D362A1FD5F9}.Release|Any CPU.ActiveCfg = Release|Any CPU
		{7B6A99B9-FF23-49DA-9B90-1D362A1FD5F9}.Release|Any CPU.Build.0 = Release|Any CPU
		{7B6A99B9-FF23-49DA-9B90-1D362A1FD5F9}.Release|ARM.ActiveCfg = Release|ARM
		{7B6A99B9-FF23-49DA-9B90-1D362A1FD5F9}.Release|ARM.Build.0 = Release|ARM
		{7B6A99B9-FF23-49DA-9B90-1D362A1FD5F9}.Release|x64.ActiveCfg = Release|x64
		{7B6A99B9-FF23-49DA-9B90-1D362A1FD5F9}.Release|x64.Build.0 = Release|x64
		{7B6A99B9-FF23-49DA-9B90-1D362A1FD5F9}.Release|x86.ActiveCfg = Release|x86
		{7B6A99B9-FF23-49DA-9B90-1D362A1FD5F9}.Release|x86.Build.0 = Release|x86
		{5A0D94CF-8DFB-4E10-A6C9-A124756C6FE3}.Debug|Any CPU.ActiveCfg = Debug|x86
		{5A0D94CF-8DFB-4E10-A6C9-A124756C6FE3}.Debug|ARM.ActiveCfg = Debug|ARM
		{5A0D94CF-8DFB-4E10-A6C9-A124756C6FE3}.Debug|ARM.Build.0 = Debug|ARM
		{5A0D94CF-8DFB-4E10-A6C9-A124756C6FE3}.Debug|ARM.Deploy.0 = Debug|ARM
		{5A0D94CF-8DFB-4E10-A6C9-A124756C6FE3}.Debug|x64.ActiveCfg = Debug|x64
		{5A0D94CF-8DFB-4E10-A6C9-A124756C6FE3}.Debug|x64.Build.0 = Debug|x64
		{5A0D94CF-8DFB-4E10-A6C9-A124756C6FE3}.Debug|x64.Deploy.0 = Debug|x64
		{5A0D94CF-8DFB-4E10-A6C9-A124756C6FE3}.Debug|x86.ActiveCfg = Debug|x86
		{5A0D94CF-8DFB-4E10-A6C9-A124756C6FE3}.Debug|x86.Build.0 = Debug|x86
		{5A0D94CF-8DFB-4E10-A6C9-A124756C6FE3}.Debug|x86.Deploy.0 = Debug|x86
		{5A0D94CF-8DFB-4E10-A6C9-A124756C6FE3}.Release|Any CPU.ActiveCfg = Release|x86
		{5A0D94CF-8DFB-4E10-A6C9-A124756C6FE3}.Release|ARM.ActiveCfg = Release|ARM
		{5A0D94CF-8DFB-4E10-A6C9-A124756C6FE3}.Release|ARM.Build.0 = Release|ARM
		{5A0D94CF-8DFB-4E10-A6C9-A124756C6FE3}.Release|ARM.Deploy.0 = Release|ARM
		{5A0D94CF-8DFB-4E10-A6C9-A124756C6FE3}.Release|x64.ActiveCfg = Release|x64
		{5A0D94CF-8DFB-4E10-A6C9-A124756C6FE3}.Release|x64.Build.0 = Release|x64
		{5A0D94CF-8DFB-4E10-A6C9-A124756C6FE3}.Release|x64.Deploy.0 = Release|x64
		{5A0D94CF-8DFB-4E10-A6C9-A124756C6FE3}.Release|x86.ActiveCfg = Release|x86
		{5A0D94CF-8DFB-4E10-A6C9-A124756C6FE3}.Release|x86.Build.0 = Release|x86
		{5A0D94CF-8DFB-4E10-A6C9-A124756C6FE3}.Release|x86.Deploy.0 = Release|x86
		{AEEB4D65-1267-4FF3-96AA-AF00CC3EBA1B}.Debug|Any CPU.ActiveCfg = Debug|x86
		{AEEB4D65-1267-4FF3-96AA-AF00CC3EBA1B}.Debug|ARM.ActiveCfg = Debug|ARM
		{AEEB4D65-1267-4FF3-96AA-AF00CC3EBA1B}.Debug|ARM.Build.0 = Debug|ARM
		{AEEB4D65-1267-4FF3-96AA-AF00CC3EBA1B}.Debug|ARM.Deploy.0 = Debug|ARM
		{AEEB4D65-1267-4FF3-96AA-AF00CC3EBA1B}.Debug|x64.ActiveCfg = Debug|x64
		{AEEB4D65-1267-4FF3-96AA-AF00CC3EBA1B}.Debug|x64.Build.0 = Debug|x64
		{AEEB4D65-1267-4FF3-96AA-AF00CC3EBA1B}.Debug|x64.Deploy.0 = Debug|x64
		{AEEB4D65-1267-4FF3-96AA-AF00CC3EBA1B}.Debug|x86.ActiveCfg = Debug|x86
		{AEEB4D65-1267-4FF3-96AA-AF00CC3EBA1B}.Debug|x86.Build.0 = Debug|x86
		{AEEB4D65-1267-4FF3-96AA-AF00CC3EBA1B}.Debug|x86.Deploy.0 = Debug|x86
		{AEEB4D65-1267-4FF3-96AA-AF00CC3EBA1B}.Release|Any CPU.ActiveCfg = Release|x86
		{AEEB4D65-1267-4FF3-96AA-AF00CC3EBA1B}.Release|ARM.ActiveCfg = Release|ARM
		{AEEB4D65-1267-4FF3-96AA-AF00CC3EBA1B}.Release|ARM.Build.0 = Release|ARM
		{AEEB4D65-1267-4FF3-96AA-AF00CC3EBA1B}.Release|ARM.Deploy.0 = Release|ARM
		{AEEB4D65-1267-4FF3-96AA-AF00CC3EBA1B}.Release|x64.ActiveCfg = Release|x64
		{AEEB4D65-1267-4FF3-96AA-AF00CC3EBA1B}.Release|x64.Build.0 = Release|x64
		{AEEB4D65-1267-4FF3-96AA-AF00CC3EBA1B}.Release|x64.Deploy.0 = Release|x64
		{AEEB4D65-1267-4FF3-96AA-AF00CC3EBA1B}.Release|x86.ActiveCfg = Release|x86
		{AEEB4D65-1267-4FF3-96AA-AF00CC3EBA1B}.Release|x86.Build.0 = Release|x86
		{AEEB4D65-1267-4FF3-96AA-AF00CC3EBA1B}.Release|x86.Deploy.0 = Release|x86
		{762120A5-06B9-49E0-9985-994D78377753}.Debug|Any CPU.ActiveCfg = Debug|x86
		{762120A5-06B9-49E0-9985-994D78377753}.Debug|ARM.ActiveCfg = Debug|ARM
		{762120A5-06B9-49E0-9985-994D78377753}.Debug|ARM.Build.0 = Debug|ARM
		{762120A5-06B9-49E0-9985-994D78377753}.Debug|ARM.Deploy.0 = Debug|ARM
		{762120A5-06B9-49E0-9985-994D78377753}.Debug|x64.ActiveCfg = Debug|x64
		{762120A5-06B9-49E0-9985-994D78377753}.Debug|x64.Build.0 = Debug|x64
		{762120A5-06B9-49E0-9985-994D78377753}.Debug|x64.Deploy.0 = Debug|x64
		{762120A5-06B9-49E0-9985-994D78377753}.Debug|x86.ActiveCfg = Debug|x86
		{762120A5-06B9-49E0-9985-994D78377753}.Debug|x86.Build.0 = Debug|x86
		{762120A5-06B9-49E0-9985-994D78377753}.Debug|x86.Deploy.0 = Debug|x86
		{762120A5-06B9-49E0-9985-994D78377753}.Release|Any CPU.ActiveCfg = Release|x86
		{762120A5-06B9-49E0-9985-994D78377753}.Release|ARM.ActiveCfg = Release|ARM
		{762120A5-06B9-49E0-9985-994D78377753}.Release|ARM.Build.0 = Release|ARM
		{762120A5-06B9-49E0-9985-994D78377753}.Release|ARM.Deploy.0 = Release|ARM
		{762120A5-06B9-49E0-9985-994D78377753}.Release|x64.ActiveCfg = Release|x64
		{762120A5-06B9-49E0-9985-994D78377753}.Release|x64.Build.0 = Release|x64
		{762120A5-06B9-49E0-9985-994D78377753}.Release|x64.Deploy.0 = Release|x64
		{762120A5-06B9-49E0-9985-994D78377753}.Release|x86.ActiveCfg = Release|x86
		{762120A5-06B9-49E0-9985-994D78377753}.Release|x86.Build.0 = Release|x86
		{762120A5-06B9-49E0-9985-994D78377753}.Release|x86.Deploy.0 = Release|x86
		{1F432BFF-4FB7-4231-84B0-7228373311DA}.Debug|Any CPU.ActiveCfg = Debug|x86
		{1F432BFF-4FB7-4231-84B0-7228373311DA}.Debug|ARM.ActiveCfg = Debug|ARM
		{1F432BFF-4FB7-4231-84B0-7228373311DA}.Debug|ARM.Build.0 = Debug|ARM
		{1F432BFF-4FB7-4231-84B0-7228373311DA}.Debug|ARM.Deploy.0 = Debug|ARM
		{1F432BFF-4FB7-4231-84B0-7228373311DA}.Debug|x64.ActiveCfg = Debug|x64
		{1F432BFF-4FB7-4231-84B0-7228373311DA}.Debug|x64.Build.0 = Debug|x64
		{1F432BFF-4FB7-4231-84B0-7228373311DA}.Debug|x64.Deploy.0 = Debug|x64
		{1F432BFF-4FB7-4231-84B0-7228373311DA}.Debug|x86.ActiveCfg = Debug|x86
		{1F432BFF-4FB7-4231-84B0-7228373311DA}.Debug|x86.Build.0 = Debug|x86
		{1F432BFF-4FB7-4231-84B0-7228373311DA}.Debug|x86.Deploy.0 = Debug|x86
		{1F432BFF-4FB7-4231-84B0-7228373311DA}.Release|Any CPU.ActiveCfg = Release|x86
		{1F432BFF-4FB7-4231-84B0-7228373311DA}.Release|ARM.ActiveCfg = Release|ARM
		{1F432BFF-4FB7-4231-84B0-7228373311DA}.Release|ARM.Build.0 = Release|ARM
		{1F432BFF-4FB7-4231-84B0-7228373311DA}.Release|ARM.Deploy.0 = Release|ARM
		{1F432BFF-4FB7-4231-84B0-7228373311DA}.Release|x64.ActiveCfg = Release|x64
		{1F432BFF-4FB7-4231-84B0-7228373311DA}.Release|x64.Build.0 = Release|x64
		{1F432BFF-4FB7-4231-84B0-7228373311DA}.Release|x64.Deploy.0 = Release|x64
		{1F432BFF-4FB7-4231-84B0-7228373311DA}.Release|x86.ActiveCfg = Release|x86
		{1F432BFF-4FB7-4231-84B0-7228373311DA}.Release|x86.Build.0 = Release|x86
		{1F432BFF-4FB7-4231-84B0-7228373311DA}.Release|x86.Deploy.0 = Release|x86
		{7D6A39E8-3A9D-4837-9D36-6CE6561B68A3}.Debug|Any CPU.ActiveCfg = Debug|x86
		{7D6A39E8-3A9D-4837-9D36-6CE6561B68A3}.Debug|ARM.ActiveCfg = Debug|ARM
		{7D6A39E8-3A9D-4837-9D36-6CE6561B68A3}.Debug|ARM.Build.0 = Debug|ARM
		{7D6A39E8-3A9D-4837-9D36-6CE6561B68A3}.Debug|ARM.Deploy.0 = Debug|ARM
		{7D6A39E8-3A9D-4837-9D36-6CE6561B68A3}.Debug|x64.ActiveCfg = Debug|x64
		{7D6A39E8-3A9D-4837-9D36-6CE6561B68A3}.Debug|x64.Build.0 = Debug|x64
		{7D6A39E8-3A9D-4837-9D36-6CE6561B68A3}.Debug|x64.Deploy.0 = Debug|x64
		{7D6A39E8-3A9D-4837-9D36-6CE6561B68A3}.Debug|x86.ActiveCfg = Debug|x86
		{7D6A39E8-3A9D-4837-9D36-6CE6561B68A3}.Debug|x86.Build.0 = Debug|x86
		{7D6A39E8-3A9D-4837-9D36-6CE6561B68A3}.Debug|x86.Deploy.0 = Debug|x86
		{7D6A39E8-3A9D-4837-9D36-6CE6561B68A3}.Release|Any CPU.ActiveCfg = Release|x86
		{7D6A39E8-3A9D-4837-9D36-6CE6561B68A3}.Release|ARM.ActiveCfg = Release|ARM
		{7D6A39E8-3A9D-4837-9D36-6CE6561B68A3}.Release|ARM.Build.0 = Release|ARM
		{7D6A39E8-3A9D-4837-9D36-6CE6561B68A3}.Release|ARM.Deploy.0 = Release|ARM
		{7D6A39E8-3A9D-4837-9D36-6CE6561B68A3}.Release|x64.ActiveCfg = Release|x64
		{7D6A39E8-3A9D-4837-9D36-6CE6561B68A3}.Release|x64.Build.0 = Release|x64
		{7D6A39E8-3A9D-4837-9D36-6CE6561B68A3}.Release|x64.Deploy.0 = Release|x64
		{7D6A39E8-3A9D-4837-9D36-6CE6561B68A3}.Release|x86.ActiveCfg = Release|x86
		{7D6A39E8-3A9D-4837-9D36-6CE6561B68A3}.Release|x86.Build.0 = Release|x86
		{7D6A39E8-3A9D-4837-9D36-6CE6561B68A3}.Release|x86.Deploy.0 = Release|x86
		{826E05B6-ADC3-4BA3-BFA3-F8E776321E0D}.Debug|Any CPU.ActiveCfg = Debug|x86
		{826E05B6-ADC3-4BA3-BFA3-F8E776321E0D}.Debug|ARM.ActiveCfg = Debug|ARM
		{826E05B6-ADC3-4BA3-BFA3-F8E776321E0D}.Debug|ARM.Build.0 = Debug|ARM
		{826E05B6-ADC3-4BA3-BFA3-F8E776321E0D}.Debug|ARM.Deploy.0 = Debug|ARM
		{826E05B6-ADC3-4BA3-BFA3-F8E776321E0D}.Debug|x64.ActiveCfg = Debug|x64
		{826E05B6-ADC3-4BA3-BFA3-F8E776321E0D}.Debug|x64.Build.0 = Debug|x64
		{826E05B6-ADC3-4BA3-BFA3-F8E776321E0D}.Debug|x64.Deploy.0 = Debug|x64
		{826E05B6-ADC3-4BA3-BFA3-F8E776321E0D}.Debug|x86.ActiveCfg = Debug|x86
		{826E05B6-ADC3-4BA3-BFA3-F8E776321E0D}.Debug|x86.Build.0 = Debug|x86
		{826E05B6-ADC3-4BA3-BFA3-F8E776321E0D}.Debug|x86.Deploy.0 = Debug|x86
		{826E05B6-ADC3-4BA3-BFA3-F8E776321E0D}.Release|Any CPU.ActiveCfg = Release|x86
		{826E05B6-ADC3-4BA3-BFA3-F8E776321E0D}.Release|ARM.ActiveCfg = Release|ARM
		{826E05B6-ADC3-4BA3-BFA3-F8E776321E0D}.Release|ARM.Build.0 = Release|ARM
		{826E05B6-ADC3-4BA3-BFA3-F8E776321E0D}.Release|ARM.Deploy.0 = Release|ARM
		{826E05B6-ADC3-4BA3-BFA3-F8E776321E0D}.Release|x64.ActiveCfg = Release|x64
		{826E05B6-ADC3-4BA3-BFA3-F8E776321E0D}.Release|x64.Build.0 = Release|x64
		{826E05B6-ADC3-4BA3-BFA3-F8E776321E0D}.Release|x64.Deploy.0 = Release|x64
		{826E05B6-ADC3-4BA3-BFA3-F8E776321E0D}.Release|x86.ActiveCfg = Release|x86
		{826E05B6-ADC3-4BA3-BFA3-F8E776321E0D}.Release|x86.Build.0 = Release|x86
		{826E05B6-ADC3-4BA3-BFA3-F8E776321E0D}.Release|x86.Deploy.0 = Release|x86
		{6F51F39F-06F9-4845-931C-014F2F9A349F}.Debug|Any CPU.ActiveCfg = Debug|x86
		{6F51F39F-06F9-4845-931C-014F2F9A349F}.Debug|ARM.ActiveCfg = Debug|ARM
		{6F51F39F-06F9-4845-931C-014F2F9A349F}.Debug|ARM.Build.0 = Debug|ARM
		{6F51F39F-06F9-4845-931C-014F2F9A349F}.Debug|ARM.Deploy.0 = Debug|ARM
		{6F51F39F-06F9-4845-931C-014F2F9A349F}.Debug|x64.ActiveCfg = Debug|x64
		{6F51F39F-06F9-4845-931C-014F2F9A349F}.Debug|x64.Build.0 = Debug|x64
		{6F51F39F-06F9-4845-931C-014F2F9A349F}.Debug|x64.Deploy.0 = Debug|x64
		{6F51F39F-06F9-4845-931C-014F2F9A349F}.Debug|x86.ActiveCfg = Debug|x86
		{6F51F39F-06F9-4845-931C-014F2F9A349F}.Debug|x86.Build.0 = Debug|x86
		{6F51F39F-06F9-4845-931C-014F2F9A349F}.Debug|x86.Deploy.0 = Debug|x86
		{6F51F39F-06F9-4845-931C-014F2F9A349F}.Release|Any CPU.ActiveCfg = Release|x86
		{6F51F39F-06F9-4845-931C-014F2F9A349F}.Release|ARM.ActiveCfg = Release|ARM
		{6F51F39F-06F9-4845-931C-014F2F9A349F}.Release|ARM.Build.0 = Release|ARM
		{6F51F39F-06F9-4845-931C-014F2F9A349F}.Release|ARM.Deploy.0 = Release|ARM
		{6F51F39F-06F9-4845-931C-014F2F9A349F}.Release|x64.ActiveCfg = Release|x64
		{6F51F39F-06F9-4845-931C-014F2F9A349F}.Release|x64.Build.0 = Release|x64
		{6F51F39F-06F9-4845-931C-014F2F9A349F}.Release|x64.Deploy.0 = Release|x64
		{6F51F39F-06F9-4845-931C-014F2F9A349F}.Release|x86.ActiveCfg = Release|x86
		{6F51F39F-06F9-4845-931C-014F2F9A349F}.Release|x86.Build.0 = Release|x86
		{6F51F39F-06F9-4845-931C-014F2F9A349F}.Release|x86.Deploy.0 = Release|x86
		{8B4109B9-2677-4AB9-B12F-99334750A672}.Debug|Any CPU.ActiveCfg = Debug|x86
		{8B4109B9-2677-4AB9-B12F-99334750A672}.Debug|ARM.ActiveCfg = Debug|ARM
		{8B4109B9-2677-4AB9-B12F-99334750A672}.Debug|ARM.Build.0 = Debug|ARM
		{8B4109B9-2677-4AB9-B12F-99334750A672}.Debug|ARM.Deploy.0 = Debug|ARM
		{8B4109B9-2677-4AB9-B12F-99334750A672}.Debug|x64.ActiveCfg = Debug|x64
		{8B4109B9-2677-4AB9-B12F-99334750A672}.Debug|x64.Build.0 = Debug|x64
		{8B4109B9-2677-4AB9-B12F-99334750A672}.Debug|x64.Deploy.0 = Debug|x64
		{8B4109B9-2677-4AB9-B12F-99334750A672}.Debug|x86.ActiveCfg = Debug|x86
		{8B4109B9-2677-4AB9-B12F-99334750A672}.Debug|x86.Build.0 = Debug|x86
		{8B4109B9-2677-4AB9-B12F-99334750A672}.Debug|x86.Deploy.0 = Debug|x86
		{8B4109B9-2677-4AB9-B12F-99334750A672}.Release|Any CPU.ActiveCfg = Release|x86
		{8B4109B9-2677-4AB9-B12F-99334750A672}.Release|ARM.ActiveCfg = Release|ARM
		{8B4109B9-2677-4AB9-B12F-99334750A672}.Release|ARM.Build.0 = Release|ARM
		{8B4109B9-2677-4AB9-B12F-99334750A672}.Release|ARM.Deploy.0 = Release|ARM
		{8B4109B9-2677-4AB9-B12F-99334750A672}.Release|x64.ActiveCfg = Release|x64
		{8B4109B9-2677-4AB9-B12F-99334750A672}.Release|x64.Build.0 = Release|x64
		{8B4109B9-2677-4AB9-B12F-99334750A672}.Release|x64.Deploy.0 = Release|x64
		{8B4109B9-2677-4AB9-B12F-99334750A672}.Release|x86.ActiveCfg = Release|x86
		{8B4109B9-2677-4AB9-B12F-99334750A672}.Release|x86.Build.0 = Release|x86
		{8B4109B9-2677-4AB9-B12F-99334750A672}.Release|x86.Deploy.0 = Release|x86
		{9E2B350C-CC11-46E3-B848-2F5074FB921A}.Debug|Any CPU.ActiveCfg = Debug|x86
		{9E2B350C-CC11-46E3-B848-2F5074FB921A}.Debug|ARM.ActiveCfg = Debug|ARM
		{9E2B350C-CC11-46E3-B848-2F5074FB921A}.Debug|ARM.Build.0 = Debug|ARM
		{9E2B350C-CC11-46E3-B848-2F5074FB921A}.Debug|ARM.Deploy.0 = Debug|ARM
		{9E2B350C-CC11-46E3-B848-2F5074FB921A}.Debug|x64.ActiveCfg = Debug|x64
		{9E2B350C-CC11-46E3-B848-2F5074FB921A}.Debug|x64.Build.0 = Debug|x64
		{9E2B350C-CC11-46E3-B848-2F5074FB921A}.Debug|x64.Deploy.0 = Debug|x64
		{9E2B350C-CC11-46E3-B848-2F5074FB921A}.Debug|x86.ActiveCfg = Debug|x86
		{9E2B350C-CC11-46E3-B848-2F5074FB921A}.Debug|x86.Build.0 = Debug|x86
		{9E2B350C-CC11-46E3-B848-2F5074FB921A}.Debug|x86.Deploy.0 = Debug|x86
		{9E2B350C-CC11-46E3-B848-2F5074FB921A}.Release|Any CPU.ActiveCfg = Release|x86
		{9E2B350C-CC11-46E3-B848-2F5074FB921A}.Release|ARM.ActiveCfg = Release|ARM
		{9E2B350C-CC11-46E3-B848-2F5074FB921A}.Release|ARM.Build.0 = Release|ARM
		{9E2B350C-CC11-46E3-B848-2F5074FB921A}.Release|ARM.Deploy.0 = Release|ARM
		{9E2B350C-CC11-46E3-B848-2F5074FB921A}.Release|x64.ActiveCfg = Release|x64
		{9E2B350C-CC11-46E3-B848-2F5074FB921A}.Release|x64.Build.0 = Release|x64
		{9E2B350C-CC11-46E3-B848-2F5074FB921A}.Release|x64.Deploy.0 = Release|x64
		{9E2B350C-CC11-46E3-B848-2F5074FB921A}.Release|x86.ActiveCfg = Release|x86
		{9E2B350C-CC11-46E3-B848-2F5074FB921A}.Release|x86.Build.0 = Release|x86
		{9E2B350C-CC11-46E3-B848-2F5074FB921A}.Release|x86.Deploy.0 = Release|x86
		{89A7CCEE-CA1D-42FF-A1EB-62EBF5022E58}.Debug|Any CPU.ActiveCfg = Debug|x86
		{89A7CCEE-CA1D-42FF-A1EB-62EBF5022E58}.Debug|ARM.ActiveCfg = Debug|ARM
		{89A7CCEE-CA1D-42FF-A1EB-62EBF5022E58}.Debug|ARM.Build.0 = Debug|ARM
		{89A7CCEE-CA1D-42FF-A1EB-62EBF5022E58}.Debug|ARM.Deploy.0 = Debug|ARM
		{89A7CCEE-CA1D-42FF-A1EB-62EBF5022E58}.Debug|x64.ActiveCfg = Debug|x64
		{89A7CCEE-CA1D-42FF-A1EB-62EBF5022E58}.Debug|x64.Build.0 = Debug|x64
		{89A7CCEE-CA1D-42FF-A1EB-62EBF5022E58}.Debug|x64.Deploy.0 = Debug|x64
		{89A7CCEE-CA1D-42FF-A1EB-62EBF5022E58}.Debug|x86.ActiveCfg = Debug|x86
		{89A7CCEE-CA1D-42FF-A1EB-62EBF5022E58}.Debug|x86.Build.0 = Debug|x86
		{89A7CCEE-CA1D-42FF-A1EB-62EBF5022E58}.Debug|x86.Deploy.0 = Debug|x86
		{89A7CCEE-CA1D-42FF-A1EB-62EBF5022E58}.Release|Any CPU.ActiveCfg = Release|x86
		{89A7CCEE-CA1D-42FF-A1EB-62EBF5022E58}.Release|ARM.ActiveCfg = Release|ARM
		{89A7CCEE-CA1D-42FF-A1EB-62EBF5022E58}.Release|ARM.Build.0 = Release|ARM
		{89A7CCEE-CA1D-42FF-A1EB-62EBF5022E58}.Release|ARM.Deploy.0 = Release|ARM
		{89A7CCEE-CA1D-42FF-A1EB-62EBF5022E58}.Release|x64.ActiveCfg = Release|x64
		{89A7CCEE-CA1D-42FF-A1EB-62EBF5022E58}.Release|x64.Build.0 = Release|x64
		{89A7CCEE-CA1D-42FF-A1EB-62EBF5022E58}.Release|x64.Deploy.0 = Release|x64
		{89A7CCEE-CA1D-42FF-A1EB-62EBF5022E58}.Release|x86.ActiveCfg = Release|x86
		{89A7CCEE-CA1D-42FF-A1EB-62EBF5022E58}.Release|x86.Build.0 = Release|x86
		{89A7CCEE-CA1D-42FF-A1EB-62EBF5022E58}.Release|x86.Deploy.0 = Release|x86
		{DD788FD3-F458-4062-82E5-B3EA0A62F536}.Debug|Any CPU.ActiveCfg = Debug|x86
		{DD788FD3-F458-4062-82E5-B3EA0A62F536}.Debug|ARM.ActiveCfg = Debug|ARM
		{DD788FD3-F458-4062-82E5-B3EA0A62F536}.Debug|ARM.Build.0 = Debug|ARM
		{DD788FD3-F458-4062-82E5-B3EA0A62F536}.Debug|ARM.Deploy.0 = Debug|ARM
		{DD788FD3-F458-4062-82E5-B3EA0A62F536}.Debug|x64.ActiveCfg = Debug|x64
		{DD788FD3-F458-4062-82E5-B3EA0A62F536}.Debug|x64.Build.0 = Debug|x64
		{DD788FD3-F458-4062-82E5-B3EA0A62F536}.Debug|x64.Deploy.0 = Debug|x64
		{DD788FD3-F458-4062-82E5-B3EA0A62F536}.Debug|x86.ActiveCfg = Debug|x86
		{DD788FD3-F458-4062-82E5-B3EA0A62F536}.Debug|x86.Build.0 = Debug|x86
		{DD788FD3-F458-4062-82E5-B3EA0A62F536}.Debug|x86.Deploy.0 = Debug|x86
		{DD788FD3-F458-4062-82E5-B3EA0A62F536}.Release|Any CPU.ActiveCfg = Release|x86
		{DD788FD3-F458-4062-82E5-B3EA0A62F536}.Release|ARM.ActiveCfg = Release|ARM
		{DD788FD3-F458-4062-82E5-B3EA0A62F536}.Release|ARM.Build.0 = Release|ARM
		{DD788FD3-F458-4062-82E5-B3EA0A62F536}.Release|ARM.Deploy.0 = Release|ARM
		{DD788FD3-F458-4062-82E5-B3EA0A62F536}.Release|x64.ActiveCfg = Release|x64
		{DD788FD3-F458-4062-82E5-B3EA0A62F536}.Release|x64.Build.0 = Release|x64
		{DD788FD3-F458-4062-82E5-B3EA0A62F536}.Release|x64.Deploy.0 = Release|x64
		{DD788FD3-F458-4062-82E5-B3EA0A62F536}.Release|x86.ActiveCfg = Release|x86
		{DD788FD3-F458-4062-82E5-B3EA0A62F536}.Release|x86.Build.0 = Release|x86
		{DD788FD3-F458-4062-82E5-B3EA0A62F536}.Release|x86.Deploy.0 = Release|x86
		{BF065E0B-6305-4DF5-9AFF-8F77F2FA5FAB}.Debug|Any CPU.ActiveCfg = Debug|x86
		{BF065E0B-6305-4DF5-9AFF-8F77F2FA5FAB}.Debug|ARM.ActiveCfg = Debug|ARM
		{BF065E0B-6305-4DF5-9AFF-8F77F2FA5FAB}.Debug|ARM.Build.0 = Debug|ARM
		{BF065E0B-6305-4DF5-9AFF-8F77F2FA5FAB}.Debug|ARM.Deploy.0 = Debug|ARM
		{BF065E0B-6305-4DF5-9AFF-8F77F2FA5FAB}.Debug|x64.ActiveCfg = Debug|x64
		{BF065E0B-6305-4DF5-9AFF-8F77F2FA5FAB}.Debug|x64.Build.0 = Debug|x64
		{BF065E0B-6305-4DF5-9AFF-8F77F2FA5FAB}.Debug|x64.Deploy.0 = Debug|x64
		{BF065E0B-6305-4DF5-9AFF-8F77F2FA5FAB}.Debug|x86.ActiveCfg = Debug|x86
		{BF065E0B-6305-4DF5-9AFF-8F77F2FA5FAB}.Debug|x86.Build.0 = Debug|x86
		{BF065E0B-6305-4DF5-9AFF-8F77F2FA5FAB}.Debug|x86.Deploy.0 = Debug|x86
		{BF065E0B-6305-4DF5-9AFF-8F77F2FA5FAB}.Release|Any CPU.ActiveCfg = Release|x86
		{BF065E0B-6305-4DF5-9AFF-8F77F2FA5FAB}.Release|ARM.ActiveCfg = Release|ARM
		{BF065E0B-6305-4DF5-9AFF-8F77F2FA5FAB}.Release|ARM.Build.0 = Release|ARM
		{BF065E0B-6305-4DF5-9AFF-8F77F2FA5FAB}.Release|ARM.Deploy.0 = Release|ARM
		{BF065E0B-6305-4DF5-9AFF-8F77F2FA5FAB}.Release|x64.ActiveCfg = Release|x64
		{BF065E0B-6305-4DF5-9AFF-8F77F2FA5FAB}.Release|x64.Build.0 = Release|x64
		{BF065E0B-6305-4DF5-9AFF-8F77F2FA5FAB}.Release|x64.Deploy.0 = Release|x64
		{BF065E0B-6305-4DF5-9AFF-8F77F2FA5FAB}.Release|x86.ActiveCfg = Release|x86
		{BF065E0B-6305-4DF5-9AFF-8F77F2FA5FAB}.Release|x86.Build.0 = Release|x86
		{BF065E0B-6305-4DF5-9AFF-8F77F2FA5FAB}.Release|x86.Deploy.0 = Release|x86
		{BBE2B51D-7BB0-4BC1-A6C0-3A104867806F}.Debug|Any CPU.ActiveCfg = Debug|x86
		{BBE2B51D-7BB0-4BC1-A6C0-3A104867806F}.Debug|ARM.ActiveCfg = Debug|ARM
		{BBE2B51D-7BB0-4BC1-A6C0-3A104867806F}.Debug|ARM.Build.0 = Debug|ARM
		{BBE2B51D-7BB0-4BC1-A6C0-3A104867806F}.Debug|ARM.Deploy.0 = Debug|ARM
		{BBE2B51D-7BB0-4BC1-A6C0-3A104867806F}.Debug|x64.ActiveCfg = Debug|x64
		{BBE2B51D-7BB0-4BC1-A6C0-3A104867806F}.Debug|x64.Build.0 = Debug|x64
		{BBE2B51D-7BB0-4BC1-A6C0-3A104867806F}.Debug|x64.Deploy.0 = Debug|x64
		{BBE2B51D-7BB0-4BC1-A6C0-3A104867806F}.Debug|x86.ActiveCfg = Debug|x86
		{BBE2B51D-7BB0-4BC1-A6C0-3A104867806F}.Debug|x86.Build.0 = Debug|x86
		{BBE2B51D-7BB0-4BC1-A6C0-3A104867806F}.Debug|x86.Deploy.0 = Debug|x86
		{BBE2B51D-7BB0-4BC1-A6C0-3A104867806F}.Release|Any CPU.ActiveCfg = Release|x86
		{BBE2B51D-7BB0-4BC1-A6C0-3A104867806F}.Release|ARM.ActiveCfg = Release|ARM
		{BBE2B51D-7BB0-4BC1-A6C0-3A104867806F}.Release|ARM.Build.0 = Release|ARM
		{BBE2B51D-7BB0-4BC1-A6C0-3A104867806F}.Release|ARM.Deploy.0 = Release|ARM
		{BBE2B51D-7BB0-4BC1-A6C0-3A104867806F}.Release|x64.ActiveCfg = Release|x64
		{BBE2B51D-7BB0-4BC1-A6C0-3A104867806F}.Release|x64.Build.0 = Release|x64
		{BBE2B51D-7BB0-4BC1-A6C0-3A104867806F}.Release|x64.Deploy.0 = Release|x64
		{BBE2B51D-7BB0-4BC1-A6C0-3A104867806F}.Release|x86.ActiveCfg = Release|x86
		{BBE2B51D-7BB0-4BC1-A6C0-3A104867806F}.Release|x86.Build.0 = Release|x86
		{BBE2B51D-7BB0-4BC1-A6C0-3A104867806F}.Release|x86.Deploy.0 = Release|x86
		{41B55B19-9A64-4859-9B0C-79B1D8DAD14C}.Debug|Any CPU.ActiveCfg = Debug|x86
		{41B55B19-9A64-4859-9B0C-79B1D8DAD14C}.Debug|ARM.ActiveCfg = Debug|ARM
		{41B55B19-9A64-4859-9B0C-79B1D8DAD14C}.Debug|ARM.Build.0 = Debug|ARM
		{41B55B19-9A64-4859-9B0C-79B1D8DAD14C}.Debug|ARM.Deploy.0 = Debug|ARM
		{41B55B19-9A64-4859-9B0C-79B1D8DAD14C}.Debug|x64.ActiveCfg = Debug|x64
		{41B55B19-9A64-4859-9B0C-79B1D8DAD14C}.Debug|x64.Build.0 = Debug|x64
		{41B55B19-9A64-4859-9B0C-79B1D8DAD14C}.Debug|x64.Deploy.0 = Debug|x64
		{41B55B19-9A64-4859-9B0C-79B1D8DAD14C}.Debug|x86.ActiveCfg = Debug|x86
		{41B55B19-9A64-4859-9B0C-79B1D8DAD14C}.Debug|x86.Build.0 = Debug|x86
		{41B55B19-9A64-4859-9B0C-79B1D8DAD14C}.Debug|x86.Deploy.0 = Debug|x86
		{41B55B19-9A64-4859-9B0C-79B1D8DAD14C}.Release|Any CPU.ActiveCfg = Release|x86
		{41B55B19-9A64-4859-9B0C-79B1D8DAD14C}.Release|ARM.ActiveCfg = Release|ARM
		{41B55B19-9A64-4859-9B0C-79B1D8DAD14C}.Release|ARM.Build.0 = Release|ARM
		{41B55B19-9A64-4859-9B0C-79B1D8DAD14C}.Release|ARM.Deploy.0 = Release|ARM
		{41B55B19-9A64-4859-9B0C-79B1D8DAD14C}.Release|x64.ActiveCfg = Release|x64
		{41B55B19-9A64-4859-9B0C-79B1D8DAD14C}.Release|x64.Build.0 = Release|x64
		{41B55B19-9A64-4859-9B0C-79B1D8DAD14C}.Release|x64.Deploy.0 = Release|x64
		{41B55B19-9A64-4859-9B0C-79B1D8DAD14C}.Release|x86.ActiveCfg = Release|x86
		{41B55B19-9A64-4859-9B0C-79B1D8DAD14C}.Release|x86.Build.0 = Release|x86
		{41B55B19-9A64-4859-9B0C-79B1D8DAD14C}.Release|x86.Deploy.0 = Release|x86
		{60DA2D8D-2CCF-49ED-B7CE-3F56F9910DEA}.Debug|Any CPU.ActiveCfg = Debug|x86
		{60DA2D8D-2CCF-49ED-B7CE-3F56F9910DEA}.Debug|ARM.ActiveCfg = Debug|ARM
		{60DA2D8D-2CCF-49ED-B7CE-3F56F9910DEA}.Debug|ARM.Build.0 = Debug|ARM
		{60DA2D8D-2CCF-49ED-B7CE-3F56F9910DEA}.Debug|ARM.Deploy.0 = Debug|ARM
		{60DA2D8D-2CCF-49ED-B7CE-3F56F9910DEA}.Debug|x64.ActiveCfg = Debug|x64
		{60DA2D8D-2CCF-49ED-B7CE-3F56F9910DEA}.Debug|x64.Build.0 = Debug|x64
		{60DA2D8D-2CCF-49ED-B7CE-3F56F9910DEA}.Debug|x64.Deploy.0 = Debug|x64
		{60DA2D8D-2CCF-49ED-B7CE-3F56F9910DEA}.Debug|x86.ActiveCfg = Debug|x86
		{60DA2D8D-2CCF-49ED-B7CE-3F56F9910DEA}.Debug|x86.Build.0 = Debug|x86
		{60DA2D8D-2CCF-49ED-B7CE-3F56F9910DEA}.Debug|x86.Deploy.0 = Debug|x86
		{60DA2D8D-2CCF-49ED-B7CE-3F56F9910DEA}.Release|Any CPU.ActiveCfg = Release|x86
		{60DA2D8D-2CCF-49ED-B7CE-3F56F9910DEA}.Release|ARM.ActiveCfg = Release|ARM
		{60DA2D8D-2CCF-49ED-B7CE-3F56F9910DEA}.Release|ARM.Build.0 = Release|ARM
		{60DA2D8D-2CCF-49ED-B7CE-3F56F9910DEA}.Release|ARM.Deploy.0 = Release|ARM
		{60DA2D8D-2CCF-49ED-B7CE-3F56F9910DEA}.Release|x64.ActiveCfg = Release|x64
		{60DA2D8D-2CCF-49ED-B7CE-3F56F9910DEA}.Release|x64.Build.0 = Release|x64
		{60DA2D8D-2CCF-49ED-B7CE-3F56F9910DEA}.Release|x64.Deploy.0 = Release|x64
		{60DA2D8D-2CCF-49ED-B7CE-3F56F9910DEA}.Release|x86.ActiveCfg = Release|x86
		{60DA2D8D-2CCF-49ED-B7CE-3F56F9910DEA}.Release|x86.Build.0 = Release|x86
		{60DA2D8D-2CCF-49ED-B7CE-3F56F9910DEA}.Release|x86.Deploy.0 = Release|x86
	EndGlobalSection
	GlobalSection(SolutionProperties) = preSolution
		HideSolutionNode = FALSE
	EndGlobalSection
EndGlobal
